dependencies:
  espressif/esp-dsp:
    component_hash: 3e7bbd487f1357a1d4944d0c85966d049501ea281b8a4c7f93f7cfedd5b7f23d
    dependencies:
    - name: idf
      require: private
      version: '>=4.2'
    source:
      registry_url: https://components.espressif.com/
      type: service
    version: 1.4.12
  espressif/mdns:
    component_hash: d8ae7aa491ff97aea1d00d514a1de42cdbaaf1bce10df183968fa5594b904de7
    dependencies:
    - name: idf
      require: private
      version: '>=5.0'
    source:
      registry_url: https://components.espressif.com/
      type: service
    version: 1.2.5
  idf:
    source:
      type: idf
    version: 5.4.1
direct_dependencies:
- espressif/esp-dsp
- espressif/mdns
manifest_hash: a119bc6aa8d0b1f82c979f2875d2e85dc9657564b65a2a796ed0be4dc07b463c
target: esp32s3
version: 2.0.0
